
Microsoft Visual Studio Solution File, Format Version 11.00
# Visual Studio 2010
Project("{FAE04EC0-301F-11D3-BF4B-00C04F79EFBC}") = "Assembly-CSharp", "Assembly-CSharp.csproj", "{C6426F67-3A86-AFA4-5A0B-ED7A29623AD5}"
EndProject
Project("{FAE04EC0-301F-11D3-BF4B-00C04F79EFBC}") = "Assembly-CSharp-Editor-firstpass", "Assembly-CSharp-Editor-firstpass.csproj", "{DE15E73D-4F5C-FD50-740F-741304DB481E}"
EndProject
Global
	GlobalSection(SolutionConfigurationPlatforms) = preSolution
		Debug|Any CPU = Debug|Any CPU
		Release|Any CPU = Release|Any CPU
	EndGlobalSection
	GlobalSection(ProjectConfigurationPlatforms) = postSolution
		{C6426F67-3A86-AFA4-5A0B-ED7A29623AD5}.Debug|Any CPU.ActiveCfg = Debug|Any CPU
		{C6426F67-3A86-AFA4-5A0B-ED7A29623AD5}.Debug|Any CPU.Build.0 = Debug|Any CPU
		{C6426F67-3A86-AFA4-5A0B-ED7A29623AD5}.Release|Any CPU.ActiveCfg = Release|Any CPU
		{C6426F67-3A86-AFA4-5A0B-ED7A29623AD5}.Release|Any CPU.Build.0 = Release|Any CPU
		{DE15E73D-4F5C-FD50-740F-741304DB481E}.Debug|Any CPU.ActiveCfg = Debug|Any CPU
		{DE15E73D-4F5C-FD50-740F-741304DB481E}.Debug|Any CPU.Build.0 = Debug|Any CPU
		{DE15E73D-4F5C-FD50-740F-741304DB481E}.Release|Any CPU.ActiveCfg = Release|Any CPU
		{DE15E73D-4F5C-FD50-740F-741304DB481E}.Release|Any CPU.Build.0 = Release|Any CPU
	EndGlobalSection
	GlobalSection(SolutionProperties) = preSolution
		HideSolutionNode = FALSE
	EndGlobalSection
EndGlobal
